
Microsoft Visual Studio Solution File, Format Version 12.00
# Visual Studio Version 17
VisualStudioVersion = 17.4.33213.308
MinimumVisualStudioVersion = 10.0.40219.1
Project("{FAE04EC0-301F-11D3-BF4B-00C04F79EFBC}") = "OOPex1", "OOPex1.csproj", "{A3CBE2D8-45D7-4766-BE41-9DA5348D45EF}"
EndProject
Global
	GlobalSection(SolutionConfigurationPlatforms) = preSolution
		Debug|Any CPU = Debug|Any CPU
		Release|Any CPU = Release|Any CPU
	EndGlobalSection
	GlobalSection(ProjectConfigurationPlatforms) = postSolution
		{A3CBE2D8-45D7-4766-BE41-9DA5348D45EF}.Debug|Any CPU.ActiveCfg = Debug|Any CPU
		{A3CBE2D8-45D7-4766-BE41-9DA5348D45EF}.Debug|Any CPU.Build.0 = Debug|Any CPU
		{A3CBE2D8-45D7-4766-BE41-9DA5348D45EF}.Release|Any CPU.ActiveCfg = Release|Any CPU
		{A3CBE2D8-45D7-4766-BE41-9DA5348D45EF}.Release|Any CPU.Build.0 = Release|Any CPU
	EndGlobalSection
	GlobalSection(SolutionProperties) = preSolution
		HideSolutionNode = FALSE
	EndGlobalSection
	GlobalSection(ExtensibilityGlobals) = postSolution
		SolutionGuid = {1A06A32D-CE19-44DB-8859-33EF702B6AE8}
	EndGlobalSection
EndGlobal
